github.com/cloudflare/ahocorasick v0.0.0-20210425175752-730270c3e184 h1:8yL+85JpbwrIc6m+7N1iYrjn/22z68jwrTIBOJHNe4k=
github.com/cloudflare/ahocorasick v0.0.0-20210425175752-730270c3e184/go.mod h1:tGWUZLZp9ajsxUOnHmFFLnqnlKXsCn6GReG4jAD59H0=
github.com/dgryski/go-trigram v0.0.0-20160407183937-79ec494e1ad0 h1:b+7JSiBM+hnLQjP/lXztks5hnLt1PS46hktG9VOJgzo=
github.com/dgryski/go-trigram v0.0.0-20160407183937-79ec494e1ad0/go.mod h1:qzKC/DpcxK67zaSHdCmIv3L9WJViHVinYXN2S7l3RM8=
